
Microsoft Visual Studio Solution File, Format Version 12.00
# Visual Studio Version 17
VisualStudioVersion = 17.9.34728.123
MinimumVisualStudioVersion = 10.0.40219.1
Project("{2150E333-8FDC-42A3-9474-1A3956D46DE8}") = "Controls", "Controls", "{50D8B11B-37D7-4BF0-B5F2-9F08209D2B4C}"
	ProjectSection(SolutionItems) = preProject
		ComboBox2.cs = ComboBox2.cs
	EndProjectSection
EndProject
Global
	GlobalSection(SolutionProperties) = preSolution
		HideSolutionNode = FALSE
	EndGlobalSection
	GlobalSection(ExtensibilityGlobals) = postSolution
		SolutionGuid = {48CB2296-7319-4769-88A7-C0BA645ED7C0}
	EndGlobalSection
EndGlobal
