
Microsoft Visual Studio Solution File, Format Version 12.00
# Visual Studio Version 17
VisualStudioVersion = 17.9.34728.123
MinimumVisualStudioVersion = 10.0.40219.1
Project("{FAE04EC0-301F-11D3-BF4B-00C04F79EFBC}") = "ComboBox2", "ComboBox2.csproj", "{50D8B11B-37D7-4BF0-B5F2-9F08209D2B4C}"
EndProject
Global
	GlobalSection(SolutionConfigurationPlatforms) = preSolution
		Debug|Any CPU = Debug|Any CPU
		Release|Any CPU = Release|Any CPU
	EndGlobalSection
	GlobalSection(ProjectConfigurationPlatforms) = postSolution
		{50D8B11B-37D7-4BF0-B5F2-9F08209D2B4C}.Debug|Any CPU.ActiveCfg = Debug|Any CPU
		{50D8B11B-37D7-4BF0-B5F2-9F08209D2B4C}.Debug|Any CPU.Build.0 = Debug|Any CPU
		{50D8B11B-37D7-4BF0-B5F2-9F08209D2B4C}.Release|Any CPU.ActiveCfg = Release|Any CPU
		{50D8B11B-37D7-4BF0-B5F2-9F08209D2B4C}.Release|Any CPU.Build.0 = Release|Any CPU
	EndGlobalSection
	GlobalSection(SolutionProperties) = preSolution
		HideSolutionNode = FALSE
	EndGlobalSection
	GlobalSection(ExtensibilityGlobals) = postSolution
		SolutionGuid = {48CB2296-7319-4769-88A7-C0BA645ED7C0}
	EndGlobalSection
EndGlobal
